
Microsoft Visual Studio Solution File, Format Version 12.00
# Visual Studio Version 16
VisualStudioVersion = 16.0.29102.190
MinimumVisualStudioVersion = 10.0.40219.1
Project("{FAE04EC0-301F-11D3-BF4B-00C04F79EFBC}") = "ITVDN_Task_2", "ITVDN_Task_2\ITVDN_Task_2.csproj", "{BD07A855-53DE-41D8-8661-B014DC442FFB}"
EndProject
Project("{FAE04EC0-301F-11D3-BF4B-00C04F79EFBC}") = "Additional_Task_1", "Additional_Task_1\Additional_Task_1.csproj", "{99138BC7-093D-4B82-8DE4-799109E04085}"
EndProject
Project("{FAE04EC0-301F-11D3-BF4B-00C04F79EFBC}") = "ITVDN_Task_3", "ITVDN_Task_3\ITVDN_Task_3.csproj", "{3F2A28F0-0E3A-4A26-BDDB-C006F548D714}"
EndProject
Project("{FAE04EC0-301F-11D3-BF4B-00C04F79EFBC}") = "ITVDN_Task_4", "ITVDN_Task_4\ITVDN_Task_4.csproj", "{3D60D345-69F9-462A-A4DA-6CFA3F011ED9}"
EndProject
Global
	GlobalSection(SolutionConfigurationPlatforms) = preSolution
		Debug|Any CPU = Debug|Any CPU
		Release|Any CPU = Release|Any CPU
	EndGlobalSection
	GlobalSection(ProjectConfigurationPlatforms) = postSolution
		{BD07A855-53DE-41D8-8661-B014DC442FFB}.Debug|Any CPU.ActiveCfg = Debug|Any CPU
		{BD07A855-53DE-41D8-8661-B014DC442FFB}.Debug|Any CPU.Build.0 = Debug|Any CPU
		{BD07A855-53DE-41D8-8661-B014DC442FFB}.Release|Any CPU.ActiveCfg = Release|Any CPU
		{BD07A855-53DE-41D8-8661-B014DC442FFB}.Release|Any CPU.Build.0 = Release|Any CPU
		{99138BC7-093D-4B82-8DE4-799109E04085}.Debug|Any CPU.ActiveCfg = Debug|Any CPU
		{99138BC7-093D-4B82-8DE4-799109E04085}.Debug|Any CPU.Build.0 = Debug|Any CPU
		{99138BC7-093D-4B82-8DE4-799109E04085}.Release|Any CPU.ActiveCfg = Release|Any CPU
		{99138BC7-093D-4B82-8DE4-799109E04085}.Release|Any CPU.Build.0 = Release|Any CPU
		{3F2A28F0-0E3A-4A26-BDDB-C006F548D714}.Debug|Any CPU.ActiveCfg = Debug|Any CPU
		{3F2A28F0-0E3A-4A26-BDDB-C006F548D714}.Debug|Any CPU.Build.0 = Debug|Any CPU
		{3F2A28F0-0E3A-4A26-BDDB-C006F548D714}.Release|Any CPU.ActiveCfg = Release|Any CPU
		{3F2A28F0-0E3A-4A26-BDDB-C006F548D714}.Release|Any CPU.Build.0 = Release|Any CPU
		{3D60D345-69F9-462A-A4DA-6CFA3F011ED9}.Debug|Any CPU.ActiveCfg = Debug|Any CPU
		{3D60D345-69F9-462A-A4DA-6CFA3F011ED9}.Debug|Any CPU.Build.0 = Debug|Any CPU
		{3D60D345-69F9-462A-A4DA-6CFA3F011ED9}.Release|Any CPU.ActiveCfg = Release|Any CPU
		{3D60D345-69F9-462A-A4DA-6CFA3F011ED9}.Release|Any CPU.Build.0 = Release|Any CPU
	EndGlobalSection
	GlobalSection(SolutionProperties) = preSolution
		HideSolutionNode = FALSE
	EndGlobalSection
	GlobalSection(ExtensibilityGlobals) = postSolution
		SolutionGuid = {924603E1-DD01-4816-B348-724111679B27}
	EndGlobalSection
EndGlobal
